// !$*UTF8*$!
{
	archiveVersion = 1;
	classes = {
	};
	objectVersion = 48;
	objects = {

/* Begin PBXBuildFile section */
		0CC559003B068E1062E5BACA /* Pods_ToolBox.framework in Frameworks */ = {isa = PBXBuildFile; fileRef = 491450D0D201C26C80B00ADC /* Pods_ToolBox.framework */; };
		17965E8749D78F705F8F915C /* Pods_ToolBoxTests.framework in Frameworks */ = {isa = PBXBuildFile; fileRef = C884ABD683DAEED74805BF14 /* Pods_ToolBoxTests.framework */; };
		54237A17205DB6A900253DC9 /* TableViewController.swift in Sources */ = {isa = PBXBuildFile; fileRef = 54237A16205DB6A900253DC9 /* TableViewController.swift */; };
		543566EE205D474400BCCF93 /* AppData.swift in Sources */ = {isa = PBXBuildFile; fileRef = 543566ED205D474400BCCF93 /* AppData.swift */; };
		543566F2205D77B000BCCF93 /* SettingsVC.swift in Sources */ = {isa = PBXBuildFile; fileRef = 543566F1205D77B000BCCF93 /* SettingsVC.swift */; };
		544800EA205D2AF20027A861 /* ToolsSelectVC.swift in Sources */ = {isa = PBXBuildFile; fileRef = 544800E9205D2AF20027A861 /* ToolsSelectVC.swift */; };
		54622CE9205D16ED00C44F9E /* AppDelegate.swift in Sources */ = {isa = PBXBuildFile; fileRef = 54622CE8205D16ED00C44F9E /* AppDelegate.swift */; };
		54622CEB205D16ED00C44F9E /* ToolBoxVC.swift in Sources */ = {isa = PBXBuildFile; fileRef = 54622CEA205D16ED00C44F9E /* ToolBoxVC.swift */; };
		54622CEE205D16ED00C44F9E /* Main.storyboard in Resources */ = {isa = PBXBuildFile; fileRef = 54622CEC205D16ED00C44F9E /* Main.storyboard */; };
		54622CF0205D16ED00C44F9E /* Assets.xcassets in Resources */ = {isa = PBXBuildFile; fileRef = 54622CEF205D16ED00C44F9E /* Assets.xcassets */; };
		54622CF3205D16ED00C44F9E /* LaunchScreen.storyboard in Resources */ = {isa = PBXBuildFile; fileRef = 54622CF1205D16ED00C44F9E /* LaunchScreen.storyboard */; };
		54622CFE205D16ED00C44F9E /* ToolBoxTests.swift in Sources */ = {isa = PBXBuildFile; fileRef = 54622CFD205D16ED00C44F9E /* ToolBoxTests.swift */; };
/* End PBXBuildFile section */

/* Begin PBXContainerItemProxy section */
		54622CFA205D16ED00C44F9E /* PBXContainerItemProxy */ = {
			isa = PBXContainerItemProxy;
			containerPortal = 54622CDD205D16ED00C44F9E /* Project object */;
			proxyType = 1;
			remoteGlobalIDString = 54622CE4205D16ED00C44F9E;
			remoteInfo = ToolBox;
		};
/* End PBXContainerItemProxy section */

/* Begin PBXFileReference section */
		47E76C96046804F50FC01DF9 /* Pods-ToolBoxTests.debug.xcconfig */ = {isa = PBXFileReference; includeInIndex = 1; lastKnownFileType = text.xcconfig; name = "Pods-ToolBoxTests.debug.xcconfig"; path = "Pods/Target Support Files/Pods-ToolBoxTests/Pods-ToolBoxTests.debug.xcconfig"; sourceTree = "<group>"; };
		491450D0D201C26C80B00ADC /* Pods_ToolBox.framework */ = {isa = PBXFileReference; explicitFileType = wrapper.framework; includeInIndex = 0; path = Pods_ToolBox.framework; sourceTree = BUILT_PRODUCTS_DIR; };
		54237A16205DB6A900253DC9 /* TableViewController.swift */ = {isa = PBXFileReference; lastKnownFileType = sourcecode.swift; path = TableViewController.swift; sourceTree = "<group>"; };
		543566ED205D474400BCCF93 /* AppData.swift */ = {isa = PBXFileReference; lastKnownFileType = sourcecode.swift; path = AppData.swift; sourceTree = "<group>"; };
		543566F1205D77B000BCCF93 /* SettingsVC.swift */ = {isa = PBXFileReference; lastKnownFileType = sourcecode.swift; path = SettingsVC.swift; sourceTree = "<group>"; };
		544800E9205D2AF20027A861 /* ToolsSelectVC.swift */ = {isa = PBXFileReference; lastKnownFileType = sourcecode.swift; path = ToolsSelectVC.swift; sourceTree = "<group>"; };
		54622CE5205D16ED00C44F9E /* ToolBox.app */ = {isa = PBXFileReference; explicitFileType = wrapper.application; includeInIndex = 0; path = ToolBox.app; sourceTree = BUILT_PRODUCTS_DIR; };
		54622CE8205D16ED00C44F9E /* AppDelegate.swift */ = {isa = PBXFileReference; lastKnownFileType = sourcecode.swift; path = AppDelegate.swift; sourceTree = "<group>"; };
		54622CEA205D16ED00C44F9E /* ToolBoxVC.swift */ = {isa = PBXFileReference; lastKnownFileType = sourcecode.swift; path = ToolBoxVC.swift; sourceTree = "<group>"; };
		54622CED205D16ED00C44F9E /* Base */ = {isa = PBXFileReference; lastKnownFileType = file.storyboard; name = Base; path = Base.lproj/Main.storyboard; sourceTree = "<group>"; };
		54622CEF205D16ED00C44F9E /* Assets.xcassets */ = {isa = PBXFileReference; lastKnownFileType = folder.assetcatalog; path = Assets.xcassets; sourceTree = "<group>"; };
		54622CF2205D16ED00C44F9E /* Base */ = {isa = PBXFileReference; lastKnownFileType = file.storyboard; name = Base; path = Base.lproj/LaunchScreen.storyboard; sourceTree = "<group>"; };
		54622CF4205D16ED00C44F9E /* Info.plist */ = {isa = PBXFileReference; lastKnownFileType = text.plist.xml; path = Info.plist; sourceTree = "<group>"; };
		54622CF9205D16ED00C44F9E /* ToolBoxTests.xctest */ = {isa = PBXFileReference; explicitFileType = wrapper.cfbundle; includeInIndex = 0; path = ToolBoxTests.xctest; sourceTree = BUILT_PRODUCTS_DIR; };
		54622CFD205D16ED00C44F9E /* ToolBoxTests.swift */ = {isa = PBXFileReference; lastKnownFileType = sourcecode.swift; path = ToolBoxTests.swift; sourceTree = "<group>"; };
		54622CFF205D16ED00C44F9E /* Info.plist */ = {isa = PBXFileReference; lastKnownFileType = text.plist.xml; path = Info.plist; sourceTree = "<group>"; };
		6FEB9F000969250986DA9065 /* Pods-ToolBox.release.xcconfig */ = {isa = PBXFileReference; includeInIndex = 1; lastKnownFileType = text.xcconfig; name = "Pods-ToolBox.release.xcconfig"; path = "Pods/Target Support Files/Pods-ToolBox/Pods-ToolBox.release.xcconfig"; sourceTree = "<group>"; };
		C2AE19EF953E9394164B1F65 /* Pods-ToolBox.debug.xcconfig */ = {isa = PBXFileReference; includeInIndex = 1; lastKnownFileType = text.xcconfig; name = "Pods-ToolBox.debug.xcconfig"; path = "Pods/Target Support Files/Pods-ToolBox/Pods-ToolBox.debug.xcconfig"; sourceTree = "<group>"; };
		C884ABD683DAEED74805BF14 /* Pods_ToolBoxTests.framework */ = {isa = PBXFileReference; explicitFileType = wrapper.framework; includeInIndex = 0; path = Pods_ToolBoxTests.framework; sourceTree = BUILT_PRODUCTS_DIR; };
		F13A2425AE62BFDDD715C63F /* Pods-ToolBoxTests.release.xcconfig */ = {isa = PBXFileReference; includeInIndex = 1; lastKnownFileType = text.xcconfig; name = "Pods-ToolBoxTests.release.xcconfig"; path = "Pods/Target Support Files/Pods-ToolBoxTests/Pods-ToolBoxTests.release.xcconfig"; sourceTree = "<group>"; };
/* End PBXFileReference section */

/* Begin PBXFrameworksBuildPhase section */
		54622CE2205D16ED00C44F9E /* Frameworks */ = {
			isa = PBXFrameworksBuildPhase;
			buildActionMask = 2147483647;
			files = (
				0CC559003B068E1062E5BACA /* Pods_ToolBox.framework in Frameworks */,
			);
			runOnlyForDeploymentPostprocessing = 0;
		};
		54622CF6205D16ED00C44F9E /* Frameworks */ = {
			isa = PBXFrameworksBuildPhase;
			buildActionMask = 2147483647;
			files = (
				17965E8749D78F705F8F915C /* Pods_ToolBoxTests.framework in Frameworks */,
			);
			runOnlyForDeploymentPostprocessing = 0;
		};
/* End PBXFrameworksBuildPhase section */

/* Begin PBXGroup section */
		54622CDC205D16ED00C44F9E = {
			isa = PBXGroup;
			children = (
				54622CE7205D16ED00C44F9E /* ToolBox */,
				54622CFC205D16ED00C44F9E /* ToolBoxTests */,
				54622CE6205D16ED00C44F9E /* Products */,
				95D8E6741E73B0099434A152 /* Pods */,
				9DB2B6B5F471AB2CCCCB105B /* Frameworks */,
			);
			sourceTree = "<group>";
		};
		54622CE6205D16ED00C44F9E /* Products */ = {
			isa = PBXGroup;
			children = (
				54622CE5205D16ED00C44F9E /* ToolBox.app */,
				54622CF9205D16ED00C44F9E /* ToolBoxTests.xctest */,
			);
			name = Products;
			sourceTree = "<group>";
		};
		54622CE7205D16ED00C44F9E /* ToolBox */ = {
			isa = PBXGroup;
			children = (
				54622CE8205D16ED00C44F9E /* AppDelegate.swift */,
				54622CEA205D16ED00C44F9E /* ToolBoxVC.swift */,
				544800E9205D2AF20027A861 /* ToolsSelectVC.swift */,
				543566F1205D77B000BCCF93 /* SettingsVC.swift */,
				543566ED205D474400BCCF93 /* AppData.swift */,
				54237A16205DB6A900253DC9 /* TableViewController.swift */,
				54622CEC205D16ED00C44F9E /* Main.storyboard */,
				54622CEF205D16ED00C44F9E /* Assets.xcassets */,
				54622CF1205D16ED00C44F9E /* LaunchScreen.storyboard */,
				54622CF4205D16ED00C44F9E /* Info.plist */,
			);
			path = ToolBox;
			sourceTree = "<group>";
		};
		54622CFC205D16ED00C44F9E /* ToolBoxTests */ = {
			isa = PBXGroup;
			children = (
				54622CFD205D16ED00C44F9E /* ToolBoxTests.swift */,
				54622CFF205D16ED00C44F9E /* Info.plist */,
			);
			path = ToolBoxTests;
			sourceTree = "<group>";
		};
		95D8E6741E73B0099434A152 /* Pods */ = {
			isa = PBXGroup;
			children = (
				C2AE19EF953E9394164B1F65 /* Pods-ToolBox.debug.xcconfig */,
				6FEB9F000969250986DA9065 /* Pods-ToolBox.release.xcconfig */,
				47E76C96046804F50FC01DF9 /* Pods-ToolBoxTests.debug.xcconfig */,
				F13A2425AE62BFDDD715C63F /* Pods-ToolBoxTests.release.xcconfig */,
			);
			name = Pods;
			sourceTree = "<group>";
		};
		9DB2B6B5F471AB2CCCCB105B /* Frameworks */ = {
			isa = PBXGroup;
			children = (
				491450D0D201C26C80B00ADC /* Pods_ToolBox.framework */,
				C884ABD683DAEED74805BF14 /* Pods_ToolBoxTests.framework */,
			);
			name = Frameworks;
			sourceTree = "<group>";
		};
/* End PBXGroup section */

/* Begin PBXNativeTarget section */
		54622CE4205D16ED00C44F9E /* ToolBox */ = {
			isa = PBXNativeTarget;
			buildConfigurationList = 54622D02205D16ED00C44F9E /* Build configuration list for PBXNativeTarget "ToolBox" */;
			buildPhases = (
				52A113DBB7C63B3299A3070B /* [CP] Check Pods Manifest.lock */,
				54622CE1205D16ED00C44F9E /* Sources */,
				54622CE2205D16ED00C44F9E /* Frameworks */,
				54622CE3205D16ED00C44F9E /* Resources */,
				94206A8DDD51FDE4A01DE4B4 /* [CP] Embed Pods Frameworks */,
				B9F800B33BB7DA0027D3C105 /* [CP] Copy Pods Resources */,
			);
			buildRules = (
			);
			dependencies = (
			);
			name = ToolBox;
			productName = ToolBox;
			productReference = 54622CE5205D16ED00C44F9E /* ToolBox.app */;
			productType = "com.apple.product-type.application";
		};
		54622CF8205D16ED00C44F9E /* ToolBoxTests */ = {
			isa = PBXNativeTarget;
			buildConfigurationList = 54622D05205D16ED00C44F9E /* Build configuration list for PBXNativeTarget "ToolBoxTests" */;
			buildPhases = (
				871A75EE2B550831424B3BBC /* [CP] Check Pods Manifest.lock */,
				54622CF5205D16ED00C44F9E /* Sources */,
				54622CF6205D16ED00C44F9E /* Frameworks */,
				54622CF7205D16ED00C44F9E /* Resources */,
				72083D236D9E229034E9E513 /* [CP] Embed Pods Frameworks */,
				D55BB31FAFC1FAA0750FC55D /* [CP] Copy Pods Resources */,
			);
			buildRules = (
			);
			dependencies = (
				54622CFB205D16ED00C44F9E /* PBXTargetDependency */,
			);
			name = ToolBoxTests;
			productName = ToolBoxTests;
			productReference = 54622CF9205D16ED00C44F9E /* ToolBoxTests.xctest */;
			productType = "com.apple.product-type.bundle.unit-test";
		};
/* End PBXNativeTarget section */

/* Begin PBXProject section */
		54622CDD205D16ED00C44F9E /* Project object */ = {
			isa = PBXProject;
			attributes = {
				LastSwiftUpdateCheck = 0920;
				LastUpgradeCheck = 0920;
				ORGANIZATIONNAME = "Oren Idan";
				TargetAttributes = {
					54622CE4205D16ED00C44F9E = {
						CreatedOnToolsVersion = 9.2;
						ProvisioningStyle = Automatic;
					};
					54622CF8205D16ED00C44F9E = {
						CreatedOnToolsVersion = 9.2;
						ProvisioningStyle = Automatic;
						TestTargetID = 54622CE4205D16ED00C44F9E;
					};
				};
			};
			buildConfigurationList = 54622CE0205D16ED00C44F9E /* Build configuration list for PBXProject "ToolBox" */;
			compatibilityVersion = "Xcode 8.0";
			developmentRegion = en;
			hasScannedForEncodings = 0;
			knownRegions = (
				en,
				Base,
			);
			mainGroup = 54622CDC205D16ED00C44F9E;
			productRefGroup = 54622CE6205D16ED00C44F9E /* Products */;
			projectDirPath = "";
			projectRoot = "";
			targets = (
				54622CE4205D16ED00C44F9E /* ToolBox */,
				54622CF8205D16ED00C44F9E /* ToolBoxTests */,
			);
		};
/* End PBXProject section */

/* Begin PBXResourcesBuildPhase section */
		54622CE3205D16ED00C44F9E /* Resources */ = {
			isa = PBXResourcesBuildPhase;
			buildActionMask = 2147483647;
			files = (
				54622CF3205D16ED00C44F9E /* LaunchScreen.storyboard in Resources */,
				54622CF0205D16ED00C44F9E /* Assets.xcassets in Resources */,
				54622CEE205D16ED00C44F9E /* Main.storyboard in Resources */,
			);
			runOnlyForDeploymentPostprocessing = 0;
		};
		54622CF7205D16ED00C44F9E /* Resources */ = {
			isa = PBXResourcesBuildPhase;
			buildActionMask = 2147483647;
			files = (
			);
			runOnlyForDeploymentPostprocessing = 0;
		};
/* End PBXResourcesBuildPhase section */

/* Begin PBXShellScriptBuildPhase section */
		52A113DBB7C63B3299A3070B /* [CP] Check Pods Manifest.lock */ = {
			isa = PBXShellScriptBuildPhase;
			buildActionMask = 2147483647;
			files = (
			);
			inputPaths = (
				"${PODS_PODFILE_DIR_PATH}/Podfile.lock",
				"${PODS_ROOT}/Manifest.lock",
			);
			name = "[CP] Check Pods Manifest.lock";
			outputPaths = (
				"$(DERIVED_FILE_DIR)/Pods-ToolBox-checkManifestLockResult.txt",
			);
			runOnlyForDeploymentPostprocessing = 0;
			shellPath = /bin/sh;
			shellScript = "diff \"${PODS_PODFILE_DIR_PATH}/Podfile.lock\" \"${PODS_ROOT}/Manifest.lock\" > /dev/null\nif [ $? != 0 ] ; then\n    # print error to STDERR\n    echo \"error: The sandbox is not in sync with the Podfile.lock. Run 'pod install' or update your CocoaPods installation.\" >&2\n    exit 1\nfi\n# This output is used by Xcode 'outputs' to avoid re-running this script phase.\necho \"SUCCESS\" > \"${SCRIPT_OUTPUT_FILE_0}\"\n";
			showEnvVarsInLog = 0;
		};
		72083D236D9E229034E9E513 /* [CP] Embed Pods Frameworks */ = {
			isa = PBXShellScriptBuildPhase;
			buildActionMask = 2147483647;
			files = (
			);
			inputPaths = (
			);
			name = "[CP] Embed Pods Frameworks";
			outputPaths = (
			);
			runOnlyForDeploymentPostprocessing = 0;
			shellPath = /bin/sh;
			shellScript = "\"${SRCROOT}/Pods/Target Support Files/Pods-ToolBoxTests/Pods-ToolBoxTests-frameworks.sh\"\n";
			showEnvVarsInLog = 0;
		};
		871A75EE2B550831424B3BBC /* [CP] Check Pods Manifest.lock */ = {
			isa = PBXShellScriptBuildPhase;
			buildActionMask = 2147483647;
			files = (
			);
			inputPaths = (
				"${PODS_PODFILE_DIR_PATH}/Podfile.lock",
				"${PODS_ROOT}/Manifest.lock",
			);
			name = "[CP] Check Pods Manifest.lock";
			outputPaths = (
				"$(DERIVED_FILE_DIR)/Pods-ToolBoxTests-checkManifestLockResult.txt",
			);
			runOnlyForDeploymentPostprocessing = 0;
			shellPath = /bin/sh;
			shellScript = "diff \"${PODS_PODFILE_DIR_PATH}/Podfile.lock\" \"${PODS_ROOT}/Manifest.lock\" > /dev/null\nif [ $? != 0 ] ; then\n    # print error to STDERR\n    echo \"error: The sandbox is not in sync with the Podfile.lock. Run 'pod install' or update your CocoaPods installation.\" >&2\n    exit 1\nfi\n# This output is used by Xcode 'outputs' to avoid re-running this script phase.\necho \"SUCCESS\" > \"${SCRIPT_OUTPUT_FILE_0}\"\n";
			showEnvVarsInLog = 0;
		};
		94206A8DDD51FDE4A01DE4B4 /* [CP] Embed Pods Frameworks */ = {
			isa = PBXShellScriptBuildPhase;
			buildActionMask = 2147483647;
			files = (
			);
			inputPaths = (
				"${SRCROOT}/Pods/Target Support Files/Pods-ToolBox/Pods-ToolBox-frameworks.sh",
				"${BUILT_PRODUCTS_DIR}/Blueprints/Blueprints.framework",
				"${BUILT_PRODUCTS_DIR}/M13Checkbox/M13Checkbox.framework",
			);
			name = "[CP] Embed Pods Frameworks";
			outputPaths = (
				"${TARGET_BUILD_DIR}/${FRAMEWORKS_FOLDER_PATH}/Blueprints.framework",
				"${TARGET_BUILD_DIR}/${FRAMEWORKS_FOLDER_PATH}/M13Checkbox.framework",
			);
			runOnlyForDeploymentPostprocessing = 0;
			shellPath = /bin/sh;
			shellScript = "\"${SRCROOT}/Pods/Target Support Files/Pods-ToolBox/Pods-ToolBox-frameworks.sh\"\n";
			showEnvVarsInLog = 0;
		};
		B9F800B33BB7DA0027D3C105 /* [CP] Copy Pods Resources */ = {
			isa = PBXShellScriptBuildPhase;
			buildActionMask = 2147483647;
			files = (
			);
			inputPaths = (
			);
			name = "[CP] Copy Pods Resources";
			outputPaths = (
			);
			runOnlyForDeploymentPostprocessing = 0;
			shellPath = /bin/sh;
			shellScript = "\"${SRCROOT}/Pods/Target Support Files/Pods-ToolBox/Pods-ToolBox-resources.sh\"\n";
			showEnvVarsInLog = 0;
		};
		D55BB31FAFC1FAA0750FC55D /* [CP] Copy Pods Resources */ = {
			isa = PBXShellScriptBuildPhase;
			buildActionMask = 2147483647;
			files = (
			);
			inputPaths = (
			);
			name = "[CP] Copy Pods Resources";
			outputPaths = (
			);
			runOnlyForDeploymentPostprocessing = 0;
			shellPath = /bin/sh;
			shellScript = "\"${SRCROOT}/Pods/Target Support Files/Pods-ToolBoxTests/Pods-ToolBoxTests-resources.sh\"\n";
			showEnvVarsInLog = 0;
		};
/* End PBXShellScriptBuildPhase section */

/* Begin PBXSourcesBuildPhase section */
		54622CE1205D16ED00C44F9E /* Sources */ = {
			isa = PBXSourcesBuildPhase;
			buildActionMask = 2147483647;
			files = (
				544800EA205D2AF20027A861 /* ToolsSelectVC.swift in Sources */,
				54237A17205DB6A900253DC9 /* TableViewController.swift in Sources */,
				54622CEB205D16ED00C44F9E /* ToolBoxVC.swift in Sources */,
				54622CE9205D16ED00C44F9E /* AppDelegate.swift in Sources */,
				543566EE205D474400BCCF93 /* AppData.swift in Sources */,
				543566F2205D77B000BCCF93 /* SettingsVC.swift in Sources */,
			);
			runOnlyForDeploymentPostprocessing = 0;
		};
		54622CF5205D16ED00C44F9E /* Sources */ = {
			isa = PBXSourcesBuildPhase;
			buildActionMask = 2147483647;
			files = (
				54622CFE205D16ED00C44F9E /* ToolBoxTests.swift in Sources */,
			);
			runOnlyForDeploymentPostprocessing = 0;
		};
/* End PBXSourcesBuildPhase section */

/* Begin PBXTargetDependency section */
		54622CFB205D16ED00C44F9E /* PBXTargetDependency */ = {
			isa = PBXTargetDependency;
			target = 54622CE4205D16ED00C44F9E /* ToolBox */;
			targetProxy = 54622CFA205D16ED00C44F9E /* PBXContainerItemProxy */;
		};
/* End PBXTargetDependency section */

/* Begin PBXVariantGroup section */
		54622CEC205D16ED00C44F9E /* Main.storyboard */ = {
			isa = PBXVariantGroup;
			children = (
				54622CED205D16ED00C44F9E /* Base */,
			);
			name = Main.storyboard;
			sourceTree = "<group>";
		};
		54622CF1205D16ED00C44F9E /* LaunchScreen.storyboard */ = {
			isa = PBXVariantGroup;
			children = (
				54622CF2205D16ED00C44F9E /* Base */,
			);
			name = LaunchScreen.storyboard;
			sourceTree = "<group>";
		};
/* End PBXVariantGroup section */

/* Begin XCBuildConfiguration section */
		54622D00205D16ED00C44F9E /* Debug */ = {
			isa = XCBuildConfiguration;
			buildSettings = {
				ALWAYS_SEARCH_USER_PATHS = NO;
				CLANG_ANALYZER_NONNULL = YES;
				CLANG_ANALYZER_NUMBER_OBJECT_CONVERSION = YES_AGGRESSIVE;
				CLANG_CXX_LANGUAGE_STANDARD = "gnu++14";
				CLANG_CXX_LIBRARY = "libc++";
				CLANG_ENABLE_MODULES = YES;
				CLANG_ENABLE_OBJC_ARC = YES;
				CLANG_WARN_BLOCK_CAPTURE_AUTORELEASING = YES;
				CLANG_WARN_BOOL_CONVERSION = YES;
				CLANG_WARN_COMMA = YES;
				CLANG_WARN_CONSTANT_CONVERSION = YES;
				CLANG_WARN_DIRECT_OBJC_ISA_USAGE = YES_ERROR;
				CLANG_WARN_DOCUMENTATION_COMMENTS = YES;
				CLANG_WARN_EMPTY_BODY = YES;
				CLANG_WARN_ENUM_CONVERSION = YES;
				CLANG_WARN_INFINITE_RECURSION = YES;
				CLANG_WARN_INT_CONVERSION = YES;
				CLANG_WARN_NON_LITERAL_NULL_CONVERSION = YES;
				CLANG_WARN_OBJC_LITERAL_CONVERSION = YES;
				CLANG_WARN_OBJC_ROOT_CLASS = YES_ERROR;
				CLANG_WARN_RANGE_LOOP_ANALYSIS = YES;
				CLANG_WARN_STRICT_PROTOTYPES = YES;
				CLANG_WARN_SUSPICIOUS_MOVE = YES;
				CLANG_WARN_UNGUARDED_AVAILABILITY = YES_AGGRESSIVE;
				CLANG_WARN_UNREACHABLE_CODE = YES;
				CLANG_WARN__DUPLICATE_METHOD_MATCH = YES;
				CODE_SIGN_IDENTITY = "iPhone Developer";
				COPY_PHASE_STRIP = NO;
				DEBUG_INFORMATION_FORMAT = dwarf;
				ENABLE_STRICT_OBJC_MSGSEND = YES;
				ENABLE_TESTABILITY = YES;
				GCC_C_LANGUAGE_STANDARD = gnu11;
				GCC_DYNAMIC_NO_PIC = NO;
				GCC_NO_COMMON_BLOCKS = YES;
				GCC_OPTIMIZATION_LEVEL = 0;
				GCC_PREPROCESSOR_DEFINITIONS = (
					"DEBUG=1",
					"$(inherited)",
				);
				GCC_WARN_64_TO_32_BIT_CONVERSION = YES;
				GCC_WARN_ABOUT_RETURN_TYPE = YES_ERROR;
				GCC_WARN_UNDECLARED_SELECTOR = YES;
				GCC_WARN_UNINITIALIZED_AUTOS = YES_AGGRESSIVE;
				GCC_WARN_UNUSED_FUNCTION = YES;
				GCC_WARN_UNUSED_VARIABLE = YES;
				IPHONEOS_DEPLOYMENT_TARGET = 11.2;
				MTL_ENABLE_DEBUG_INFO = YES;
				ONLY_ACTIVE_ARCH = YES;
				SDKROOT = iphoneos;
				SWIFT_ACTIVE_COMPILATION_CONDITIONS = DEBUG;
				SWIFT_OPTIMIZATION_LEVEL = "-Onone";
			};
			name = Debug;
		};
		54622D01205D16ED00C44F9E /* Release */ = {
			isa = XCBuildConfiguration;
			buildSettings = {
				ALWAYS_SEARCH_USER_PATHS = NO;
				CLANG_ANALYZER_NONNULL = YES;
				CLANG_ANALYZER_NUMBER_OBJECT_CONVERSION = YES_AGGRESSIVE;
				CLANG_CXX_LANGUAGE_STANDARD = "gnu++14";
				CLANG_CXX_LIBRARY = "libc++";
				CLANG_ENABLE_MODULES = YES;
				CLANG_ENABLE_OBJC_ARC = YES;
				CLANG_WARN_BLOCK_CAPTURE_AUTORELEASING = YES;
				CLANG_WARN_BOOL_CONVERSION = YES;
				CLANG_WARN_COMMA = YES;
				CLANG_WARN_CONSTANT_CONVERSION = YES;
				CLANG_WARN_DIRECT_OBJC_ISA_USAGE = YES_ERROR;
				CLANG_WARN_DOCUMENTATION_COMMENTS = YES;
				CLANG_WARN_EMPTY_BODY = YES;
				CLANG_WARN_ENUM_CONVERSION = YES;
				CLANG_WARN_INFINITE_RECURSION = YES;
				CLANG_WARN_INT_CONVERSION = YES;
				CLANG_WARN_NON_LITERAL_NULL_CONVERSION = YES;
				CLANG_WARN_OBJC_LITERAL_CONVERSION = YES;
				CLANG_WARN_OBJC_ROOT_CLASS = YES_ERROR;
				CLANG_WARN_RANGE_LOOP_ANALYSIS = YES;
				CLANG_WARN_STRICT_PROTOTYPES = YES;
				CLANG_WARN_SUSPICIOUS_MOVE = YES;
				CLANG_WARN_UNGUARDED_AVAILABILITY = YES_AGGRESSIVE;
				CLANG_WARN_UNREACHABLE_CODE = YES;
				CLANG_WARN__DUPLICATE_METHOD_MATCH = YES;
				CODE_SIGN_IDENTITY = "iPhone Developer";
				COPY_PHASE_STRIP = NO;
				DEBUG_INFORMATION_FORMAT = "dwarf-with-dsym";
				ENABLE_NS_ASSERTIONS = NO;
				ENABLE_STRICT_OBJC_MSGSEND = YES;
				GCC_C_LANGUAGE_STANDARD = gnu11;
				GCC_NO_COMMON_BLOCKS = YES;
				GCC_WARN_64_TO_32_BIT_CONVERSION = YES;
				GCC_WARN_ABOUT_RETURN_TYPE = YES_ERROR;
				GCC_WARN_UNDECLARED_SELECTOR = YES;
				GCC_WARN_UNINITIALIZED_AUTOS = YES_AGGRESSIVE;
				GCC_WARN_UNUSED_FUNCTION = YES;
				GCC_WARN_UNUSED_VARIABLE = YES;
				IPHONEOS_DEPLOYMENT_TARGET = 11.2;
				MTL_ENABLE_DEBUG_INFO = NO;
				SDKROOT = iphoneos;
				SWIFT_OPTIMIZATION_LEVEL = "-Owholemodule";
				VALIDATE_PRODUCT = YES;
			};
			name = Release;
		};
		54622D03205D16ED00C44F9E /* Debug */ = {
			isa = XCBuildConfiguration;
			baseConfigurationReference = C2AE19EF953E9394164B1F65 /* Pods-ToolBox.debug.xcconfig */;
			buildSettings = {
				ASSETCATALOG_COMPILER_APPICON_NAME = AppIcon;
				CODE_SIGN_STYLE = Automatic;
				DEVELOPMENT_TEAM = AHR2UGS6WJ;
				INFOPLIST_FILE = ToolBox/Info.plist;
				LD_RUNPATH_SEARCH_PATHS = "$(inherited) @executable_path/Frameworks";
				PRODUCT_BUNDLE_IDENTIFIER = com.autodesk.test.ToolBox;
				PRODUCT_NAME = "$(TARGET_NAME)";
				SWIFT_VERSION = 4.0;
				TARGETED_DEVICE_FAMILY = "1,2";
			};
			name = Debug;
		};
		54622D04205D16ED00C44F9E /* Release */ = {
			isa = XCBuildConfiguration;
			baseConfigurationReference = 6FEB9F000969250986DA9065 /* Pods-ToolBox.release.xcconfig */;
			buildSettings = {
				ASSETCATALOG_COMPILER_APPICON_NAME = AppIcon;
				CODE_SIGN_STYLE = Automatic;
				DEVELOPMENT_TEAM = AHR2UGS6WJ;
				INFOPLIST_FILE = ToolBox/Info.plist;
				LD_RUNPATH_SEARCH_PATHS = "$(inherited) @executable_path/Frameworks";
				PRODUCT_BUNDLE_IDENTIFIER = com.autodesk.test.ToolBox;
				PRODUCT_NAME = "$(TARGET_NAME)";
				SWIFT_VERSION = 4.0;
				TARGETED_DEVICE_FAMILY = "1,2";
			};
			name = Release;
		};
		54622D06205D16ED00C44F9E /* Debug */ = {
			isa = XCBuildConfiguration;
			baseConfigurationReference = 47E76C96046804F50FC01DF9 /* Pods-ToolBoxTests.debug.xcconfig */;
			buildSettings = {
				ALWAYS_EMBED_SWIFT_STANDARD_LIBRARIES = YES;
				BUNDLE_LOADER = "$(TEST_HOST)";
				CODE_SIGN_STYLE = Automatic;
				INFOPLIST_FILE = ToolBoxTests/Info.plist;
				LD_RUNPATH_SEARCH_PATHS = "$(inherited) @executable_path/Frameworks @loader_path/Frameworks";
				PRODUCT_BUNDLE_IDENTIFIER = com.autodesk.test.ToolBoxTests;
				PRODUCT_NAME = "$(TARGET_NAME)";
				SWIFT_VERSION = 4.0;
				TARGETED_DEVICE_FAMILY = "1,2";
				TEST_HOST = "$(BUILT_PRODUCTS_DIR)/ToolBox.app/ToolBox";
			};
			name = Debug;
		};
		54622D07205D16ED00C44F9E /* Release */ = {
			isa = XCBuildConfiguration;
			baseConfigurationReference = F13A2425AE62BFDDD715C63F /* Pods-ToolBoxTests.release.xcconfig */;
			buildSettings = {
				ALWAYS_EMBED_SWIFT_STANDARD_LIBRARIES = YES;
				BUNDLE_LOADER = "$(TEST_HOST)";
				CODE_SIGN_STYLE = Automatic;
				INFOPLIST_FILE = ToolBoxTests/Info.plist;
				LD_RUNPATH_SEARCH_PATHS = "$(inherited) @executable_path/Frameworks @loader_path/Frameworks";
				PRODUCT_BUNDLE_IDENTIFIER = com.autodesk.test.ToolBoxTests;
				PRODUCT_NAME = "$(TARGET_NAME)";
				SWIFT_VERSION = 4.0;
				TARGETED_DEVICE_FAMILY = "1,2";
				TEST_HOST = "$(BUILT_PRODUCTS_DIR)/ToolBox.app/ToolBox";
			};
			name = Release;
		};
/* End XCBuildConfiguration section */

/* Begin XCConfigurationList section */
		54622CE0205D16ED00C44F9E /* Build configuration list for PBXProject "ToolBox" */ = {
			isa = XCConfigurationList;
			buildConfigurations = (
				54622D00205D16ED00C44F9E /* Debug */,
				54622D01205D16ED00C44F9E /* Release */,
			);
			defaultConfigurationIsVisible = 0;
			defaultConfigurationName = Release;
		};
		54622D02205D16ED00C44F9E /* Build configuration list for PBXNativeTarget "ToolBox" */ = {
			isa = XCConfigurationList;
			buildConfigurations = (
				54622D03205D16ED00C44F9E /* Debug */,
				54622D04205D16ED00C44F9E /* Release */,
			);
			defaultConfigurationIsVisible = 0;
			defaultConfigurationName = Release;
		};
		54622D05205D16ED00C44F9E /* Build configuration list for PBXNativeTarget "ToolBoxTests" */ = {
			isa = XCConfigurationList;
			buildConfigurations = (
				54622D06205D16ED00C44F9E /* Debug */,
				54622D07205D16ED00C44F9E /* Release */,
			);
			defaultConfigurationIsVisible = 0;
			defaultConfigurationName = Release;
		};
/* End XCConfigurationList section */
	};
	rootObject = 54622CDD205D16ED00C44F9E /* Project object */;
}
